<?xml version="1.0" encoding="utf-8"?>
<Project ToolsVersion="4.0" xmlns="http://schemas.microsoft.com/developer/msbuild/2003">
  <ItemGroup>
    <Filter Include="Common">
      <UniqueIdentifier>{84907673-c627-46ac-a35c-cb18544f4a27}</UniqueIdentifier>
    </Filter>
    <Filter Include="High Level Interface">
      <UniqueIdentifier>{9b56df6b-ac40-4d2b-8784-053e5875c1f1}</UniqueIdentifier>
    </Filter>
    <Filter Include="Graphics">
      <UniqueIdentifier>{53748681-428d-47b3-96a3-ec486f973983}</UniqueIdentifier>
    </Filter>
    <Filter Include="Common\Math">
      <UniqueIdentifier>{7ecd0887-e724-4cb7-8941-62a4c4483bbe}</UniqueIdentifier>
    </Filter>
    <Filter Include="Resource">
      <UniqueIdentifier>{d65a4a05-132f-421a-8a8d-84bab78c506f}</UniqueIdentifier>
    </Filter>
    <Filter Include="Time">
      <UniqueIdentifier>{0d32bba9-3e5b-4cad-9d55-29ba9e6d2a73}</UniqueIdentifier>
    </Filter>
    <Filter Include="Renderer">
      <UniqueIdentifier>{b57b8e83-b769-47c4-b56d-420669a30d6c}</UniqueIdentifier>
    </Filter>
    <Filter Include="Resource\Manager">
      <UniqueIdentifier>{7fb06c4e-dbd4-495f-9dfd-d6927f0f488e}</UniqueIdentifier>
    </Filter>
    <Filter Include="Resource\Material">
      <UniqueIdentifier>{4b9fedcd-e3cb-4315-bde1-11937144e007}</UniqueIdentifier>
    </Filter>
    <Filter Include="Resource\Mesh">
      <UniqueIdentifier>{3e8e5ff6-fd5b-4969-8d94-523723dfa318}</UniqueIdentifier>
    </Filter>
    <Filter Include="Resource\Shader">
      <UniqueIdentifier>{902849b8-05e5-42dd-b362-e03e48d430da}</UniqueIdentifier>
    </Filter>
    <Filter Include="Input">
      <UniqueIdentifier>{7e48d1f7-4bb7-4125-b7a3-9a42eb6977cd}</UniqueIdentifier>
    </Filter>
    <Filter Include="Component">
      <UniqueIdentifier>{890f75ac-d437-45d4-9e20-5ffe38f82f66}</UniqueIdentifier>
    </Filter>
    <Filter Include="Scene">
      <UniqueIdentifier>{a896b1b3-bb2d-43f2-91fe-a4b24d4f7091}</UniqueIdentifier>
    </Filter>
    <Filter Include="GameObject">
      <UniqueIdentifier>{88b83a3b-370a-48ca-8254-a954a9842c32}</UniqueIdentifier>
    </Filter>
    <Filter Include="Resource\Texture">
      <UniqueIdentifier>{3cece704-c72f-4512-94c2-4f50d4936821}</UniqueIdentifier>
    </Filter>
    <Filter Include="Component\Transform">
      <UniqueIdentifier>{8392598d-1e95-4ce2-91ac-1a5dfee28b3a}</UniqueIdentifier>
    </Filter>
    <Filter Include="Component\Renderer">
      <UniqueIdentifier>{d6ddcce8-f607-4562-9d4d-e5107799d0c6}</UniqueIdentifier>
    </Filter>
    <Filter Include="Component\Script">
      <UniqueIdentifier>{ed64eb26-2fc6-46a8-9983-aa56aca7cfd5}</UniqueIdentifier>
    </Filter>
    <Filter Include="Component\Script\Contents">
      <UniqueIdentifier>{cbd85195-8a83-4271-b552-cf092cf7c63f}</UniqueIdentifier>
    </Filter>
    <Filter Include="Component\Camera">
      <UniqueIdentifier>{487076d5-5ead-48c5-bb0b-c7ba81d4d6e5}</UniqueIdentifier>
    </Filter>
  </ItemGroup>
  <ItemGroup>
    <ClCompile Include="jhApplication.cpp">
      <Filter>High Level Interface</Filter>
    </ClCompile>
    <ClCompile Include="jhGraphicDevice_DX11.cpp">
      <Filter>Graphics</Filter>
    </ClCompile>
    <ClCompile Include="jhMath.cpp">
      <Filter>Common\Math</Filter>
    </ClCompile>
    <ClCompile Include="jhResource.cpp">
      <Filter>Resource</Filter>
    </ClCompile>
    <ClCompile Include="jhTime.cpp">
      <Filter>Time</Filter>
    </ClCompile>
    <ClCompile Include="jhInput.cpp">
      <Filter>Input</Filter>
    </ClCompile>
    <ClCompile Include="jhEntity.cpp">
      <Filter>Common</Filter>
    </ClCompile>
    <ClCompile Include="jhRenderer.cpp">
      <Filter>Renderer</Filter>
    </ClCompile>
    <ClCompile Include="jhResources.cpp">
      <Filter>Resource\Manager</Filter>
    </ClCompile>
    <ClCompile Include="jhMesh.cpp">
      <Filter>Resource\Mesh</Filter>
    </ClCompile>
    <ClCompile Include="jhShader.cpp">
      <Filter>Resource\Shader</Filter>
    </ClCompile>
    <ClCompile Include="jhComponent.cpp">
      <Filter>Component</Filter>
    </ClCompile>
    <ClCompile Include="jhSceneManager.cpp">
      <Filter>Scene</Filter>
    </ClCompile>
    <ClCompile Include="jhScene.cpp">
      <Filter>Scene</Filter>
    </ClCompile>
    <ClCompile Include="jhLayer.cpp">
      <Filter>Scene</Filter>
    </ClCompile>
    <ClCompile Include="jhGameObject.cpp">
      <Filter>GameObject</Filter>
    </ClCompile>
    <ClCompile Include="jhConstantBuffer.cpp" />
    <ClCompile Include="jhTexture.cpp">
      <Filter>Resource\Texture</Filter>
    </ClCompile>
    <ClCompile Include="jhMaterial.cpp">
      <Filter>Resource\Material</Filter>
    </ClCompile>
    <ClCompile Include="jhMeshRenderer.cpp">
      <Filter>Component\Renderer</Filter>
    </ClCompile>
    <ClCompile Include="jhTransform.cpp">
      <Filter>Component\Transform</Filter>
    </ClCompile>
    <ClCompile Include="jhScript.cpp">
      <Filter>Component\Script</Filter>
    </ClCompile>
    <ClCompile Include="jhPlayerScript.cpp">
      <Filter>Component\Script\Contents</Filter>
    </ClCompile>
    <ClCompile Include="jhCamera.cpp">
      <Filter>Component\Camera</Filter>
    </ClCompile>
    <ClCompile Include="jhCameraScript.cpp">
      <Filter>Component\Script</Filter>
    </ClCompile>
    <ClCompile Include="jhSpriteRenderer.cpp">
      <Filter>Component\Renderer</Filter>
    </ClCompile>
    <ClCompile Include="jhBaseRenderer.cpp" />
    <ClCompile Include="jhGridScript.cpp">
      <Filter>Component\Script</Filter>
    </ClCompile>
    <ClCompile Include="jhFadeScript.cpp">
      <Filter>Component\Script</Filter>
    </ClCompile>
  </ItemGroup>
  <ItemGroup>
    <ClInclude Include="CommonInclude.h">
      <Filter>Common</Filter>
    </ClInclude>
    <ClInclude Include="jhApplication.h">
      <Filter>High Level Interface</Filter>
    </ClInclude>
    <ClInclude Include="jhGraphicDevice_DX11.h">
      <Filter>Graphics</Filter>
    </ClInclude>
    <ClInclude Include="jhMath.h">
      <Filter>Common\Math</Filter>
    </ClInclude>
    <ClInclude Include="jhResource.h">
      <Filter>Resource</Filter>
    </ClInclude>
    <ClInclude Include="jhTime.h">
      <Filter>Time</Filter>
    </ClInclude>
    <ClInclude Include="jhInput.h">
      <Filter>Input</Filter>
    </ClInclude>
    <ClInclude Include="jhEntity.h">
      <Filter>Common</Filter>
    </ClInclude>
    <ClInclude Include="jhGraphics.h">
      <Filter>Graphics</Filter>
    </ClInclude>
    <ClInclude Include="jhEnums.h">
      <Filter>Common</Filter>
    </ClInclude>
    <ClInclude Include="jhEngine.h">
      <Filter>Common</Filter>
    </ClInclude>
    <ClInclude Include="jhRenderer.h">
      <Filter>Renderer</Filter>
    </ClInclude>
    <ClInclude Include="jhResources.h">
      <Filter>Resource\Manager</Filter>
    </ClInclude>
    <ClInclude Include="jhMesh.h">
      <Filter>Resource\Mesh</Filter>
    </ClInclude>
    <ClInclude Include="jhShader.h">
      <Filter>Resource\Shader</Filter>
    </ClInclude>
    <ClInclude Include="jhComponent.h">
      <Filter>Component</Filter>
    </ClInclude>
    <ClInclude Include="jhSceneManager.h">
      <Filter>Scene</Filter>
    </ClInclude>
    <ClInclude Include="jhScene.h">
      <Filter>Scene</Filter>
    </ClInclude>
    <ClInclude Include="jhLayer.h">
      <Filter>Scene</Filter>
    </ClInclude>
    <ClInclude Include="jhGameObject.h">
      <Filter>GameObject</Filter>
    </ClInclude>
    <ClInclude Include="jhConstantBuffer.h" />
    <ClInclude Include="jhTexture.h">
      <Filter>Resource\Texture</Filter>
    </ClInclude>
    <ClInclude Include="jhMaterial.h">
      <Filter>Resource\Material</Filter>
    </ClInclude>
    <ClInclude Include="jhMeshRenderer.h">
      <Filter>Component\Renderer</Filter>
    </ClInclude>
    <ClInclude Include="jhTransform.h">
      <Filter>Component\Transform</Filter>
    </ClInclude>
    <ClInclude Include="jhScript.h">
      <Filter>Component\Script</Filter>
    </ClInclude>
    <ClInclude Include="jhPlayerScript.h">
      <Filter>Component\Script\Contents</Filter>
    </ClInclude>
    <ClInclude Include="jhCamera.h">
      <Filter>Component\Camera</Filter>
    </ClInclude>
    <ClInclude Include="jhCameraScript.h">
      <Filter>Component\Script</Filter>
    </ClInclude>
    <ClInclude Include="jhSpriteRenderer.h">
      <Filter>Component\Renderer</Filter>
    </ClInclude>
    <ClInclude Include="jhBaseRenderer.h" />
    <ClInclude Include="jhGridScript.h">
      <Filter>Component\Script</Filter>
    </ClInclude>
    <ClInclude Include="jhObject.h">
      <Filter>GameObject</Filter>
    </ClInclude>
    <ClInclude Include="jhFadeScript.h">
      <Filter>Component\Script</Filter>
    </ClInclude>
  </ItemGroup>
  <ItemGroup>
    <None Include="jhMath.inl">
      <Filter>Common\Math</Filter>
    </None>
  </ItemGroup>
</Project>